Microsoft Visual Studio Solution File, Format Version 12.00
# Visual Studio Version 17
VisualStudioVersion = 17.13.35931.197
MinimumVisualStudioVersion = 10.0.40219.1
Project("{FAE04EC0-301F-11D3-BF4B-00C04F79EFBC}") = "Class02HW", "Class02HW\Class02HW.csproj", "{6EBAAA32-5380-4DAF-BA25-26D2EF874E00}"
EndProject
Project("{FAE04EC0-301F-11D3-BF4B-00C04F79EFBC}") = "Domain", "Domain\Domain.csproj", "{66428438-BB44-4CF2-9724-5CBDC6D8D2E7}"
EndProject
Global
	GlobalSection(SolutionConfigurationPlatforms) = preSolution
		Debug|Any CPU = Debug|Any CPU
		Release|Any CPU = Release|Any CPU
	EndGlobalSection
	GlobalSection(ProjectConfigurationPlatforms) = postSolution
		{6EBAAA32-5380-4DAF-BA25-26D2EF874E00}.Debug|Any CPU.ActiveCfg = Debug|Any CPU
		{6EBAAA32-5380-4DAF-BA25-26D2EF874E00}.Debug|Any CPU.Build.0 = Debug|Any CPU
		{6EBAAA32-5380-4DAF-BA25-26D2EF874E00}.Release|Any CPU.ActiveCfg = Release|Any CPU
		{6EBAAA32-5380-4DAF-BA25-26D2EF874E00}.Release|Any CPU.Build.0 = Release|Any CPU
		{66428438-BB44-4CF2-9724-5CBDC6D8D2E7}.Debug|Any CPU.ActiveCfg = Debug|Any CPU
		{66428438-BB44-4CF2-9724-5CBDC6D8D2E7}.Debug|Any CPU.Build.0 = Debug|Any CPU
		{66428438-BB44-4CF2-9724-5CBDC6D8D2E7}.Release|Any CPU.ActiveCfg = Release|Any CPU
		{66428438-BB44-4CF2-9724-5CBDC6D8D2E7}.Release|Any CPU.Build.0 = Release|Any CPU
	EndGlobalSection
	GlobalSection(SolutionProperties) = preSolution
		HideSolutionNode = FALSE
	EndGlobalSection
	GlobalSection(ExtensibilityGlobals) = postSolution
		SolutionGuid = {AA9D079F-1F82-4D43-935D-6F5A6658BBFA}
	EndGlobalSection
EndGlobal
